// !$*UTF8*$!
{
	archiveVersion = 1;
	classes = {
	};
	objectVersion = 56;
	objects = {

/* Begin PBXBuildFile section */
		520AEF1D2DB02C1C00D93F0B /* GoogleMobileAds in Frameworks */ = {isa = PBXBuildFile; productRef = 520AEF1C2DB02C1C00D93F0B /* GoogleMobileAds */; };
		520AEF202DB02D3800D93F0B /* AdManager.swift in Sources */ = {isa = PBXBuildFile; fileRef = 520AEF1E2DB02D3800D93F0B /* AdManager.swift */; };
		520AEF212DB02D3800D93F0B /* QuizLimitManager.swift in Sources */ = {isa = PBXBuildFile; fileRef = 520AEF1F2DB02D3800D93F0B /* QuizLimitManager.swift */; };
		5210930E2C69349300218BA2 /* AWS_Exams_Prep_ProApp.swift in Sources */ = {isa = PBXBuildFile; fileRef = 5210930D2C69349300218BA2 /* AWS_Exams_Prep_ProApp.swift */; };
		521093102C69349300218BA2 /* ContentView.swift in Sources */ = {isa = PBXBuildFile; fileRef = 5210930F2C69349300218BA2 /* ContentView.swift */; };
		521093122C69349300218BA2 /* Item.swift in Sources */ = {isa = PBXBuildFile; fileRef = 521093112C69349300218BA2 /* Item.swift */; };
		521093172C69349400218BA2 /* Preview Assets.xcassets in Resources */ = {isa = PBXBuildFile; fileRef = 521093162C69349400218BA2 /* Preview Assets.xcassets */; };
		521093212C69349400218BA2 /* AWS_Exams_Prep_ProTests.swift in Sources */ = {isa = PBXBuildFile; fileRef = 521093202C69349400218BA2 /* AWS_Exams_Prep_ProTests.swift */; };
		5210932B2C69349400218BA2 /* AWS_Exams_Prep_ProUITests.swift in Sources */ = {isa = PBXBuildFile; fileRef = 5210932A2C69349400218BA2 /* AWS_Exams_Prep_ProUITests.swift */; };
		5210932D2C69349400218BA2 /* AWS_Exams_Prep_ProUITestsLaunchTests.swift in Sources */ = {isa = PBXBuildFile; fileRef = 5210932C2C69349400218BA2 /* AWS_Exams_Prep_ProUITestsLaunchTests.swift */; };
		5210933D2C6934F600218BA2 /* QuizView.swift in Sources */ = {isa = PBXBuildFile; fileRef = 5210933C2C6934F600218BA2 /* QuizView.swift */; };
		521093412C69462C00218BA2 /* QuizQuestions.swift in Sources */ = {isa = PBXBuildFile; fileRef = 521093402C69462C00218BA2 /* QuizQuestions.swift */; };
		521093442C6A4CA200218BA2 /* Confetti.swift in Sources */ = {isa = PBXBuildFile; fileRef = 521093432C6A4CA200218BA2 /* Confetti.swift */; };
		521093462C6A4CAF00218BA2 /* ConfettiView.swift in Sources */ = {isa = PBXBuildFile; fileRef = 521093452C6A4CAF00218BA2 /* ConfettiView.swift */; };
		524B999F2C6C2EB400BABD60 /* LandingView.swift in Sources */ = {isa = PBXBuildFile; fileRef = 524B999E2C6C2EB400BABD60 /* LandingView.swift */; };
		524B99A12C6D1DF900BABD60 /* QuizResult.swift in Sources */ = {isa = PBXBuildFile; fileRef = 524B99A02C6D1DF900BABD60 /* QuizResult.swift */; };
		524B99A32C6D1E1400BABD60 /* QuizResultManager.swift in Sources */ = {isa = PBXBuildFile; fileRef = 524B99A22C6D1E1400BABD60 /* QuizResultManager.swift */; };
		524B99A52C6D1E9300BABD60 /* HistoricalResultsView.swift in Sources */ = {isa = PBXBuildFile; fileRef = 524B99A42C6D1E9300BABD60 /* HistoricalResultsView.swift */; };
		52647E412D4C4F1E0041D589 /* Assets.xcassets in Resources */ = {isa = PBXBuildFile; fileRef = 52647E402D4C4F1E0041D589 /* Assets.xcassets */; };
		52BD75662D6BEC3D00F24669 /* software-architect-associate-questions.json in Resources */ = {isa = PBXBuildFile; fileRef = 52BD75652D6BEC3D00F24669 /* software-architect-associate-questions.json */; };
		52BD75682D6C783600F24669 /* QuestionLoader.swift in Sources */ = {isa = PBXBuildFile; fileRef = 52BD75672D6C783600F24669 /* QuestionLoader.swift */; };
		52BD756A2D6C7CFF00F24669 /* cloud-practitioner-questions.json in Resources */ = {isa = PBXBuildFile; fileRef = 52BD75692D6C7CFF00F24669 /* cloud-practitioner-questions.json */; };
		52E7260B2D8F123400F24669 /* developer-associate-questions.json in Resources */ = {isa = PBXBuildFile; fileRef = 52E7260A2D8F123400F24669 /* developer-associate-questions.json */; };
		52E7260D2D8F1C2F00F24669 /* sysops-associate-questions.json in Resources */ = {isa = PBXBuildFile; fileRef = 52E7260C2D8F1C2F00F24669 /* sysops-associate-questions.json */; };
/* End PBXBuildFile section */

/* Begin PBXContainerItemProxy section */
		5210931D2C69349400218BA2 /* PBXContainerItemProxy */ = {
			isa = PBXContainerItemProxy;
			containerPortal = 521093022C69349200218BA2 /* Project object */;
			proxyType = 1;
			remoteGlobalIDString = 521093092C69349300218BA2;
			remoteInfo = "AWS Exams Prep Pro";
		};
		521093272C69349400218BA2 /* PBXContainerItemProxy */ = {
			isa = PBXContainerItemProxy;
			containerPortal = 521093022C69349200218BA2 /* Project object */;
			proxyType = 1;
			remoteGlobalIDString = 521093092C69349300218BA2;
			remoteInfo = "AWS Exams Prep Pro";
		};
/* End PBXContainerItemProxy section */

/* Begin PBXFileReference section */
		520AEF1E2DB02D3800D93F0B /* AdManager.swift */ = {isa = PBXFileReference; lastKnownFileType = sourcecode.swift; path = AdManager.swift; sourceTree = "<group>"; };
		520AEF1F2DB02D3800D93F0B /* QuizLimitManager.swift */ = {isa = PBXFileReference; lastKnownFileType = sourcecode.swift; path = QuizLimitManager.swift; sourceTree = "<group>"; };
		520AEF222DB14C9000D93F0B /* AWS-Exams-Prep-Pro-Info.plist */ = {isa = PBXFileReference; lastKnownFileType = text.plist; path = "AWS-Exams-Prep-Pro-Info.plist"; sourceTree = SOURCE_ROOT; };
		5210930A2C69349300218BA2 /* AWS Exams Prep Pro.app */ = {isa = PBXFileReference; explicitFileType = wrapper.application; includeInIndex = 0; path = "AWS Exams Prep Pro.app"; sourceTree = BUILT_PRODUCTS_DIR; };
		5210930D2C69349300218BA2 /* AWS_Exams_Prep_ProApp.swift */ = {isa = PBXFileReference; lastKnownFileType = sourcecode.swift; path = AWS_Exams_Prep_ProApp.swift; sourceTree = "<group>"; };
		5210930F2C69349300218BA2 /* ContentView.swift */ = {isa = PBXFileReference; lastKnownFileType = sourcecode.swift; path = ContentView.swift; sourceTree = "<group>"; };
		521093112C69349300218BA2 /* Item.swift */ = {isa = PBXFileReference; lastKnownFileType = sourcecode.swift; path = Item.swift; sourceTree = "<group>"; };
		521093162C69349400218BA2 /* Preview Assets.xcassets */ = {isa = PBXFileReference; lastKnownFileType = folder.assetcatalog; path = "Preview Assets.xcassets"; sourceTree = "<group>"; };
		5210931C2C69349400218BA2 /* AWS Exams Prep ProTests.xctest */ = {isa = PBXFileReference; explicitFileType = wrapper.cfbundle; includeInIndex = 0; path = "AWS Exams Prep ProTests.xctest"; sourceTree = BUILT_PRODUCTS_DIR; };
		521093202C69349400218BA2 /* AWS_Exams_Prep_ProTests.swift */ = {isa = PBXFileReference; lastKnownFileType = sourcecode.swift; path = AWS_Exams_Prep_ProTests.swift; sourceTree = "<group>"; };
		521093262C69349400218BA2 /* AWS Exams Prep ProUITests.xctest */ = {isa = PBXFileReference; explicitFileType = wrapper.cfbundle; includeInIndex = 0; path = "AWS Exams Prep ProUITests.xctest"; sourceTree = BUILT_PRODUCTS_DIR; };
		5210932A2C69349400218BA2 /* AWS_Exams_Prep_ProUITests.swift */ = {isa = PBXFileReference; lastKnownFileType = sourcecode.swift; path = AWS_Exams_Prep_ProUITests.swift; sourceTree = "<group>"; };
		5210932C2C69349400218BA2 /* AWS_Exams_Prep_ProUITestsLaunchTests.swift */ = {isa = PBXFileReference; lastKnownFileType = sourcecode.swift; path = AWS_Exams_Prep_ProUITestsLaunchTests.swift; sourceTree = "<group>"; };
		5210933C2C6934F600218BA2 /* QuizView.swift */ = {isa = PBXFileReference; lastKnownFileType = sourcecode.swift; path = QuizView.swift; sourceTree = "<group>"; };
		521093402C69462C00218BA2 /* QuizQuestions.swift */ = {isa = PBXFileReference; lastKnownFileType = sourcecode.swift; path = QuizQuestions.swift; sourceTree = "<group>"; };
		521093432C6A4CA200218BA2 /* Confetti.swift */ = {isa = PBXFileReference; lastKnownFileType = sourcecode.swift; path = Confetti.swift; sourceTree = "<group>"; };
		521093452C6A4CAF00218BA2 /* ConfettiView.swift */ = {isa = PBXFileReference; lastKnownFileType = sourcecode.swift; path = ConfettiView.swift; sourceTree = "<group>"; };
		524B999E2C6C2EB400BABD60 /* LandingView.swift */ = {isa = PBXFileReference; lastKnownFileType = sourcecode.swift; path = LandingView.swift; sourceTree = "<group>"; };
		524B99A02C6D1DF900BABD60 /* QuizResult.swift */ = {isa = PBXFileReference; lastKnownFileType = sourcecode.swift; path = QuizResult.swift; sourceTree = "<group>"; };
		524B99A22C6D1E1400BABD60 /* QuizResultManager.swift */ = {isa = PBXFileReference; lastKnownFileType = sourcecode.swift; path = QuizResultManager.swift; sourceTree = "<group>"; };
		524B99A42C6D1E9300BABD60 /* HistoricalResultsView.swift */ = {isa = PBXFileReference; lastKnownFileType = sourcecode.swift; path = HistoricalResultsView.swift; sourceTree = "<group>"; };
		52647E402D4C4F1E0041D589 /* Assets.xcassets */ = {isa = PBXFileReference; lastKnownFileType = folder.assetcatalog; path = Assets.xcassets; sourceTree = "<group>"; };
		52BD75652D6BEC3D00F24669 /* software-architect-associate-questions.json */ = {isa = PBXFileReference; lastKnownFileType = text.json; path = "software-architect-associate-questions.json"; sourceTree = "<group>"; };
		52BD75672D6C783600F24669 /* QuestionLoader.swift */ = {isa = PBXFileReference; lastKnownFileType = sourcecode.swift; path = QuestionLoader.swift; sourceTree = "<group>"; };
		52BD75692D6C7CFF00F24669 /* cloud-practitioner-questions.json */ = {isa = PBXFileReference; lastKnownFileType = text.json; path = "cloud-practitioner-questions.json"; sourceTree = "<group>"; };
		52E7260A2D8F123400F24669 /* developer-associate-questions.json */ = {isa = PBXFileReference; lastKnownFileType = text.json; path = "developer-associate-questions.json"; sourceTree = "<group>"; };
		52E7260C2D8F1C2F00F24669 /* sysops-associate-questions.json */ = {isa = PBXFileReference; lastKnownFileType = text.json; path = "sysops-associate-questions.json"; sourceTree = "<group>"; };
/* End PBXFileReference section */

/* Begin PBXFrameworksBuildPhase section */
		521093072C69349300218BA2 /* Frameworks */ = {
			isa = PBXFrameworksBuildPhase;
			buildActionMask = 2147483647;
			files = (
				520AEF1D2DB02C1C00D93F0B /* GoogleMobileAds in Frameworks */,
			);
			runOnlyForDeploymentPostprocessing = 0;
		};
		521093192C69349400218BA2 /* Frameworks */ = {
			isa = PBXFrameworksBuildPhase;
			buildActionMask = 2147483647;
			files = (
			);
			runOnlyForDeploymentPostprocessing = 0;
		};
		521093232C69349400218BA2 /* Frameworks */ = {
			isa = PBXFrameworksBuildPhase;
			buildActionMask = 2147483647;
			files = (
			);
			runOnlyForDeploymentPostprocessing = 0;
		};
/* End PBXFrameworksBuildPhase section */

/* Begin PBXGroup section */
		521093012C69349200218BA2 = {
			isa = PBXGroup;
			children = (
				5210930C2C69349300218BA2 /* AWS Exams Prep Pro */,
				5210931F2C69349400218BA2 /* AWS Exams Prep ProTests */,
				521093292C69349400218BA2 /* AWS Exams Prep ProUITests */,
				5210930B2C69349300218BA2 /* Products */,
			);
			sourceTree = "<group>";
		};
		5210930B2C69349300218BA2 /* Products */ = {
			isa = PBXGroup;
			children = (
				5210930A2C69349300218BA2 /* AWS Exams Prep Pro.app */,
				5210931C2C69349400218BA2 /* AWS Exams Prep ProTests.xctest */,
				521093262C69349400218BA2 /* AWS Exams Prep ProUITests.xctest */,
			);
			name = Products;
			sourceTree = "<group>";
		};
		5210930C2C69349300218BA2 /* AWS Exams Prep Pro */ = {
			isa = PBXGroup;
			children = (
				520AEF222DB14C9000D93F0B /* AWS-Exams-Prep-Pro-Info.plist */,
				52647E402D4C4F1E0041D589 /* Assets.xcassets */,
				521093422C6A4C8D00218BA2 /* Confetti */,
				521093392C6934D200218BA2 /* Quizzes */,
				5210930D2C69349300218BA2 /* AWS_Exams_Prep_ProApp.swift */,
				5210930F2C69349300218BA2 /* ContentView.swift */,
				521093112C69349300218BA2 /* Item.swift */,
				524B999E2C6C2EB400BABD60 /* LandingView.swift */,
				524B99A42C6D1E9300BABD60 /* HistoricalResultsView.swift */,
				521093152C69349400218BA2 /* Preview Content */,
				520AEF1E2DB02D3800D93F0B /* AdManager.swift */,
				520AEF1F2DB02D3800D93F0B /* QuizLimitManager.swift */,
			);
			path = "AWS Exams Prep Pro";
			sourceTree = "<group>";
		};
		521093152C69349400218BA2 /* Preview Content */ = {
			isa = PBXGroup;
			children = (
				521093162C69349400218BA2 /* Preview Assets.xcassets */,
			);
			path = "Preview Content";
			sourceTree = "<group>";
		};
		5210931F2C69349400218BA2 /* AWS Exams Prep ProTests */ = {
			isa = PBXGroup;
			children = (
				521093202C69349400218BA2 /* AWS_Exams_Prep_ProTests.swift */,
			);
			path = "AWS Exams Prep ProTests";
			sourceTree = "<group>";
		};
		521093292C69349400218BA2 /* AWS Exams Prep ProUITests */ = {
			isa = PBXGroup;
			children = (
				5210932A2C69349400218BA2 /* AWS_Exams_Prep_ProUITests.swift */,
				5210932C2C69349400218BA2 /* AWS_Exams_Prep_ProUITestsLaunchTests.swift */,
			);
			path = "AWS Exams Prep ProUITests";
			sourceTree = "<group>";
		};
		521093392C6934D200218BA2 /* Quizzes */ = {
			isa = PBXGroup;
			children = (
				52BD75672D6C783600F24669 /* QuestionLoader.swift */,
				52BD75652D6BEC3D00F24669 /* software-architect-associate-questions.json */,
				5210933C2C6934F600218BA2 /* QuizView.swift */,
				521093402C69462C00218BA2 /* QuizQuestions.swift */,
				524B99A02C6D1DF900BABD60 /* QuizResult.swift */,
				524B99A22C6D1E1400BABD60 /* QuizResultManager.swift */,
				52BD75692D6C7CFF00F24669 /* cloud-practitioner-questions.json */,
				52E7260A2D8F123400F24669 /* developer-associate-questions.json */,
				52E7260C2D8F1C2F00F24669 /* sysops-associate-questions.json */,
			);
			path = Quizzes;
			sourceTree = "<group>";
		};
		521093422C6A4C8D00218BA2 /* Confetti */ = {
			isa = PBXGroup;
			children = (
				521093432C6A4CA200218BA2 /* Confetti.swift */,
				521093452C6A4CAF00218BA2 /* ConfettiView.swift */,
			);
			path = Confetti;
			sourceTree = "<group>";
		};
/* End PBXGroup section */

/* Begin PBXNativeTarget section */
		521093092C69349300218BA2 /* AWS Exams Prep Pro */ = {
			isa = PBXNativeTarget;
			buildConfigurationList = 521093302C69349400218BA2 /* Build configuration list for PBXNativeTarget "AWS Exams Prep Pro" */;
			buildPhases = (
				521093062C69349300218BA2 /* Sources */,
				521093072C69349300218BA2 /* Frameworks */,
				521093082C69349300218BA2 /* Resources */,
			);
			buildRules = (
			);
			dependencies = (
			);
			name = "AWS Exams Prep Pro";
			productName = "AWS Exams Prep Pro";
			productReference = 5210930A2C69349300218BA2 /* AWS Exams Prep Pro.app */;
			productType = "com.apple.product-type.application";
		};
		5210931B2C69349400218BA2 /* AWS Exams Prep ProTests */ = {
			isa = PBXNativeTarget;
			buildConfigurationList = 521093332C69349400218BA2 /* Build configuration list for PBXNativeTarget "AWS Exams Prep ProTests" */;
			buildPhases = (
				521093182C69349400218BA2 /* Sources */,
				521093192C69349400218BA2 /* Frameworks */,
				5210931A2C69349400218BA2 /* Resources */,
			);
			buildRules = (
			);
			dependencies = (
				5210931E2C69349400218BA2 /* PBXTargetDependency */,
			);
			name = "AWS Exams Prep ProTests";
			productName = "AWS Exams Prep ProTests";
			productReference = 5210931C2C69349400218BA2 /* AWS Exams Prep ProTests.xctest */;
			productType = "com.apple.product-type.bundle.unit-test";
		};
		521093252C69349400218BA2 /* AWS Exams Prep ProUITests */ = {
			isa = PBXNativeTarget;
			buildConfigurationList = 521093362C69349400218BA2 /* Build configuration list for PBXNativeTarget "AWS Exams Prep ProUITests" */;
			buildPhases = (
				521093222C69349400218BA2 /* Sources */,
				521093232C69349400218BA2 /* Frameworks */,
				521093242C69349400218BA2 /* Resources */,
			);
			buildRules = (
			);
			dependencies = (
				521093282C69349400218BA2 /* PBXTargetDependency */,
			);
			name = "AWS Exams Prep ProUITests";
			productName = "AWS Exams Prep ProUITests";
			productReference = 521093262C69349400218BA2 /* AWS Exams Prep ProUITests.xctest */;
			productType = "com.apple.product-type.bundle.ui-testing";
		};
/* End PBXNativeTarget section */

/* Begin PBXProject section */
		521093022C69349200218BA2 /* Project object */ = {
			isa = PBXProject;
			attributes = {
				BuildIndependentTargetsInParallel = 1;
				LastSwiftUpdateCheck = 1540;
				LastUpgradeCheck = 1620;
				TargetAttributes = {
					521093092C69349300218BA2 = {
						CreatedOnToolsVersion = 15.4;
					};
					5210931B2C69349400218BA2 = {
						CreatedOnToolsVersion = 15.4;
						TestTargetID = 521093092C69349300218BA2;
					};
					521093252C69349400218BA2 = {
						CreatedOnToolsVersion = 15.4;
						TestTargetID = 521093092C69349300218BA2;
					};
				};
			};
			buildConfigurationList = 521093052C69349200218BA2 /* Build configuration list for PBXProject "AWS Exams Prep Pro" */;
			compatibilityVersion = "Xcode 14.0";
			developmentRegion = en;
			hasScannedForEncodings = 0;
			knownRegions = (
				en,
				Base,
			);
			mainGroup = 521093012C69349200218BA2;
			packageReferences = (
				520AEF1B2DB02C1C00D93F0B /* XCRemoteSwiftPackageReference "swift-package-manager-google-mobile-ads" */,
			);
			productRefGroup = 5210930B2C69349300218BA2 /* Products */;
			projectDirPath = "";
			projectRoot = "";
			targets = (
				521093092C69349300218BA2 /* AWS Exams Prep Pro */,
				5210931B2C69349400218BA2 /* AWS Exams Prep ProTests */,
				521093252C69349400218BA2 /* AWS Exams Prep ProUITests */,
			);
		};
/* End PBXProject section */

/* Begin PBXResourcesBuildPhase section */
		521093082C69349300218BA2 /* Resources */ = {
			isa = PBXResourcesBuildPhase;
			buildActionMask = 2147483647;
				files = (
					52647E412D4C4F1E0041D589 /* Assets.xcassets in Resources */,
					521093172C69349400218BA2 /* Preview Assets.xcassets in Resources */,
					52BD75662D6BEC3D00F24669 /* software-architect-associate-questions.json in Resources */,
					52BD756A2D6C7CFF00F24669 /* cloud-practitioner-questions.json in Resources */,
					52E7260B2D8F123400F24669 /* developer-associate-questions.json in Resources */,
					52E7260D2D8F1C2F00F24669 /* sysops-associate-questions.json in Resources */,
				);
			runOnlyForDeploymentPostprocessing = 0;
		};
		5210931A2C69349400218BA2 /* Resources */ = {
			isa = PBXResourcesBuildPhase;
			buildActionMask = 2147483647;
			files = (
			);
			runOnlyForDeploymentPostprocessing = 0;
		};
		521093242C69349400218BA2 /* Resources */ = {
			isa = PBXResourcesBuildPhase;
			buildActionMask = 2147483647;
			files = (
			);
			runOnlyForDeploymentPostprocessing = 0;
		};
/* End PBXResourcesBuildPhase section */

/* Begin PBXSourcesBuildPhase section */
		521093062C69349300218BA2 /* Sources */ = {
			isa = PBXSourcesBuildPhase;
			buildActionMask = 2147483647;
			files = (
				520AEF202DB02D3800D93F0B /* AdManager.swift in Sources */,
				520AEF212DB02D3800D93F0B /* QuizLimitManager.swift in Sources */,
				521093462C6A4CAF00218BA2 /* ConfettiView.swift in Sources */,
				521093102C69349300218BA2 /* ContentView.swift in Sources */,
				524B99A32C6D1E1400BABD60 /* QuizResultManager.swift in Sources */,
				524B99A12C6D1DF900BABD60 /* QuizResult.swift in Sources */,
				521093442C6A4CA200218BA2 /* Confetti.swift in Sources */,
				524B99A52C6D1E9300BABD60 /* HistoricalResultsView.swift in Sources */,
				5210933D2C6934F600218BA2 /* QuizView.swift in Sources */,
				524B999F2C6C2EB400BABD60 /* LandingView.swift in Sources */,
				52BD75682D6C783600F24669 /* QuestionLoader.swift in Sources */,
				521093412C69462C00218BA2 /* QuizQuestions.swift in Sources */,
				521093122C69349300218BA2 /* Item.swift in Sources */,
				5210930E2C69349300218BA2 /* AWS_Exams_Prep_ProApp.swift in Sources */,
			);
			runOnlyForDeploymentPostprocessing = 0;
		};
		521093182C69349400218BA2 /* Sources */ = {
			isa = PBXSourcesBuildPhase;
			buildActionMask = 2147483647;
			files = (
				521093212C69349400218BA2 /* AWS_Exams_Prep_ProTests.swift in Sources */,
			);
			runOnlyForDeploymentPostprocessing = 0;
		};
		521093222C69349400218BA2 /* Sources */ = {
			isa = PBXSourcesBuildPhase;
			buildActionMask = 2147483647;
			files = (
				5210932D2C69349400218BA2 /* AWS_Exams_Prep_ProUITestsLaunchTests.swift in Sources */,
				5210932B2C69349400218BA2 /* AWS_Exams_Prep_ProUITests.swift in Sources */,
			);
			runOnlyForDeploymentPostprocessing = 0;
		};
/* End PBXSourcesBuildPhase section */

/* Begin PBXTargetDependency section */
		5210931E2C69349400218BA2 /* PBXTargetDependency */ = {
			isa = PBXTargetDependency;
			target = 521093092C69349300218BA2 /* AWS Exams Prep Pro */;
			targetProxy = 5210931D2C69349400218BA2 /* PBXContainerItemProxy */;
		};
		521093282C69349400218BA2 /* PBXTargetDependency */ = {
			isa = PBXTargetDependency;
			target = 521093092C69349300218BA2 /* AWS Exams Prep Pro */;
			targetProxy = 521093272C69349400218BA2 /* PBXContainerItemProxy */;
		};
/* End PBXTargetDependency section */

/* Begin XCBuildConfiguration section */
		5210932E2C69349400218BA2 /* Debug */ = {
			isa = XCBuildConfiguration;
			buildSettings = {
				ALWAYS_SEARCH_USER_PATHS = NO;
				ASSETCATALOG_COMPILER_GENERATE_SWIFT_ASSET_SYMBOL_EXTENSIONS = YES;
				CLANG_ANALYZER_NONNULL = YES;
				CLANG_ANALYZER_NUMBER_OBJECT_CONVERSION = YES_AGGRESSIVE;
				CLANG_CXX_LANGUAGE_STANDARD = "gnu++20";
				CLANG_ENABLE_MODULES = YES;
				CLANG_ENABLE_OBJC_ARC = YES;
				CLANG_ENABLE_OBJC_WEAK = YES;
				CLANG_WARN_BLOCK_CAPTURE_AUTORELEASING = YES;
				CLANG_WARN_BOOL_CONVERSION = YES;
				CLANG_WARN_COMMA = YES;
				CLANG_WARN_CONSTANT_CONVERSION = YES;
				CLANG_WARN_DEPRECATED_OBJC_IMPLEMENTATIONS = YES;
				CLANG_WARN_DIRECT_OBJC_ISA_USAGE = YES_ERROR;
				CLANG_WARN_DOCUMENTATION_COMMENTS = YES;
				CLANG_WARN_EMPTY_BODY = YES;
				CLANG_WARN_ENUM_CONVERSION = YES;
				CLANG_WARN_INFINITE_RECURSION = YES;
				CLANG_WARN_INT_CONVERSION = YES;
				CLANG_WARN_NON_LITERAL_NULL_CONVERSION = YES;
				CLANG_WARN_OBJC_IMPLICIT_RETAIN_SELF = YES;
				CLANG_WARN_OBJC_LITERAL_CONVERSION = YES;
				CLANG_WARN_OBJC_ROOT_CLASS = YES_ERROR;
				CLANG_WARN_QUOTED_INCLUDE_IN_FRAMEWORK_HEADER = YES;
				CLANG_WARN_RANGE_LOOP_ANALYSIS = YES;
				CLANG_WARN_STRICT_PROTOTYPES = YES;
				CLANG_WARN_SUSPICIOUS_MOVE = YES;
				CLANG_WARN_UNGUARDED_AVAILABILITY = YES_AGGRESSIVE;
				CLANG_WARN_UNREACHABLE_CODE = YES;
				CLANG_WARN__DUPLICATE_METHOD_MATCH = YES;
				COPY_PHASE_STRIP = NO;
				DEBUG_INFORMATION_FORMAT = dwarf;
				ENABLE_STRICT_OBJC_MSGSEND = YES;
				ENABLE_TESTABILITY = YES;
				ENABLE_USER_SCRIPT_SANDBOXING = YES;
				GCC_C_LANGUAGE_STANDARD = gnu17;
				GCC_DYNAMIC_NO_PIC = NO;
				GCC_NO_COMMON_BLOCKS = YES;
				GCC_OPTIMIZATION_LEVEL = 0;
				GCC_PREPROCESSOR_DEFINITIONS = (
					"DEBUG=1",
					"$(inherited)",
				);
				GCC_WARN_64_TO_32_BIT_CONVERSION = YES;
				GCC_WARN_ABOUT_RETURN_TYPE = YES_ERROR;
				GCC_WARN_UNDECLARED_SELECTOR = YES;
				GCC_WARN_UNINITIALIZED_AUTOS = YES_AGGRESSIVE;
				GCC_WARN_UNUSED_FUNCTION = YES;
				GCC_WARN_UNUSED_VARIABLE = YES;
				INFOPLIST_KEY_CFBundleDisplayName = "Certification Prep Pro";
				IPHONEOS_DEPLOYMENT_TARGET = 17.5;
				LOCALIZATION_PREFERS_STRING_CATALOGS = YES;
				MTL_ENABLE_DEBUG_INFO = INCLUDE_SOURCE;
				MTL_FAST_MATH = YES;
				ONLY_ACTIVE_ARCH = YES;
				SDKROOT = iphoneos;
				SWIFT_ACTIVE_COMPILATION_CONDITIONS = "DEBUG $(inherited)";
				SWIFT_OPTIMIZATION_LEVEL = "-Onone";
			};
			name = Debug;
		};
		5210932F2C69349400218BA2 /* Release */ = {
			isa = XCBuildConfiguration;
			buildSettings = {
				ALWAYS_SEARCH_USER_PATHS = NO;
				ASSETCATALOG_COMPILER_GENERATE_SWIFT_ASSET_SYMBOL_EXTENSIONS = YES;
				CLANG_ANALYZER_NONNULL = YES;
				CLANG_ANALYZER_NUMBER_OBJECT_CONVERSION = YES_AGGRESSIVE;
				CLANG_CXX_LANGUAGE_STANDARD = "gnu++20";
				CLANG_ENABLE_MODULES = YES;
				CLANG_ENABLE_OBJC_ARC = YES;
				CLANG_ENABLE_OBJC_WEAK = YES;
				CLANG_WARN_BLOCK_CAPTURE_AUTORELEASING = YES;
				CLANG_WARN_BOOL_CONVERSION = YES;
				CLANG_WARN_COMMA = YES;
				CLANG_WARN_CONSTANT_CONVERSION = YES;
				CLANG_WARN_DEPRECATED_OBJC_IMPLEMENTATIONS = YES;
				CLANG_WARN_DIRECT_OBJC_ISA_USAGE = YES_ERROR;
				CLANG_WARN_DOCUMENTATION_COMMENTS = YES;
				CLANG_WARN_EMPTY_BODY = YES;
				CLANG_WARN_ENUM_CONVERSION = YES;
				CLANG_WARN_INFINITE_RECURSION = YES;
				CLANG_WARN_INT_CONVERSION = YES;
				CLANG_WARN_NON_LITERAL_NULL_CONVERSION = YES;
				CLANG_WARN_OBJC_IMPLICIT_RETAIN_SELF = YES;
				CLANG_WARN_OBJC_LITERAL_CONVERSION = YES;
				CLANG_WARN_OBJC_ROOT_CLASS = YES_ERROR;
				CLANG_WARN_QUOTED_INCLUDE_IN_FRAMEWORK_HEADER = YES;
				CLANG_WARN_RANGE_LOOP_ANALYSIS = YES;
				CLANG_WARN_STRICT_PROTOTYPES = YES;
				CLANG_WARN_SUSPICIOUS_MOVE = YES;
				CLANG_WARN_UNGUARDED_AVAILABILITY = YES_AGGRESSIVE;
				CLANG_WARN_UNREACHABLE_CODE = YES;
				CLANG_WARN__DUPLICATE_METHOD_MATCH = YES;
				COPY_PHASE_STRIP = NO;
				DEBUG_INFORMATION_FORMAT = "dwarf-with-dsym";
				ENABLE_NS_ASSERTIONS = NO;
				ENABLE_STRICT_OBJC_MSGSEND = YES;
				ENABLE_USER_SCRIPT_SANDBOXING = YES;
				GCC_C_LANGUAGE_STANDARD = gnu17;
				GCC_NO_COMMON_BLOCKS = YES;
				GCC_WARN_64_TO_32_BIT_CONVERSION = YES;
				GCC_WARN_ABOUT_RETURN_TYPE = YES_ERROR;
				GCC_WARN_UNDECLARED_SELECTOR = YES;
				GCC_WARN_UNINITIALIZED_AUTOS = YES_AGGRESSIVE;
				GCC_WARN_UNUSED_FUNCTION = YES;
				GCC_WARN_UNUSED_VARIABLE = YES;
				INFOPLIST_KEY_CFBundleDisplayName = "Certification Prep Pro";
				"INFOPLIST_KEY_CFBundleDisplayName[sdk=*]" = "";
				IPHONEOS_DEPLOYMENT_TARGET = 17.5;
				LOCALIZATION_PREFERS_STRING_CATALOGS = YES;
				MTL_ENABLE_DEBUG_INFO = NO;
				MTL_FAST_MATH = YES;
				SDKROOT = iphoneos;
				SWIFT_COMPILATION_MODE = wholemodule;
				VALIDATE_PRODUCT = YES;
			};
			name = Release;
		};
		521093312C69349400218BA2 /* Debug */ = {
			isa = XCBuildConfiguration;
			buildSettings = {
				ASSETCATALOG_COMPILER_APPICON_NAME = AppIcon;
				ASSETCATALOG_COMPILER_GLOBAL_ACCENT_COLOR_NAME = AccentColor;
				"CODE_SIGN_IDENTITY[sdk=iphoneos*]" = "iPhone Distribution";
				CODE_SIGN_STYLE = Manual;
				CURRENT_PROJECT_VERSION = 5;
				DEBUG_INFORMATION_FORMAT = "dwarf-with-dsym";
				DEVELOPMENT_ASSET_PATHS = "\"AWS Exams Prep Pro/Preview Content\"";
				DEVELOPMENT_TEAM = "";
				"DEVELOPMENT_TEAM[sdk=iphoneos*]" = ZKYJ6G9GJP;
				ENABLE_PREVIEWS = YES;
				GENERATE_INFOPLIST_FILE = YES;
				INFOPLIST_FILE = "AWS-Exams-Prep-Pro-Info.plist";
				INFOPLIST_KEY_CFBundleDisplayName = "Certification Prep Pro for AWS";
				INFOPLIST_KEY_LSApplicationCategoryType = "public.app-category.education";
				INFOPLIST_KEY_UIApplicationSceneManifest_Generation = YES;
				INFOPLIST_KEY_UIApplicationSupportsIndirectInputEvents = YES;
				INFOPLIST_KEY_UILaunchScreen_Generation = YES;
				INFOPLIST_KEY_UISupportedInterfaceOrientations = UIInterfaceOrientationPortrait;
				INFOPLIST_KEY_UISupportedInterfaceOrientations_iPad = "UIInterfaceOrientationLandscapeLeft UIInterfaceOrientationLandscapeRight UIInterfaceOrientationPortrait UIInterfaceOrientationPortraitUpsideDown";
				LD_RUNPATH_SEARCH_PATHS = (
					"$(inherited)",
					"@executable_path/Frameworks",
				);
				MARKETING_VERSION = 1.2.2;
				PRODUCT_BUNDLE_IDENTIFIER = com.coffeedevs.capuccino;
				PRODUCT_NAME = "$(TARGET_NAME)";
				PROVISIONING_PROFILE_SPECIFIER = "";
				"PROVISIONING_PROFILE_SPECIFIER[sdk=iphoneos*]" = "AWS Cloud Practitioner Exam Prep";
				SUPPORTED_PLATFORMS = "iphoneos iphonesimulator";
				SUPPORTS_MACCATALYST = NO;
				SUPPORTS_MAC_DESIGNED_FOR_IPHONE_IPAD = NO;
				SUPPORTS_XR_DESIGNED_FOR_IPHONE_IPAD = NO;
				SWIFT_EMIT_LOC_STRINGS = YES;
				SWIFT_VERSION = 5.0;
				TARGETED_DEVICE_FAMILY = 1;
			};
			name = Debug;
		};
		521093322C69349400218BA2 /* Release */ = {
			isa = XCBuildConfiguration;
			buildSettings = {
				ASSETCATALOG_COMPILER_APPICON_NAME = AppIcon;
				ASSETCATALOG_COMPILER_GLOBAL_ACCENT_COLOR_NAME = AccentColor;
				"CODE_SIGN_IDENTITY[sdk=iphoneos*]" = "iPhone Distribution";
				CODE_SIGN_STYLE = Manual;
				CURRENT_PROJECT_VERSION = 5;
				DEVELOPMENT_ASSET_PATHS = "\"AWS Exams Prep Pro/Preview Content\"";
				DEVELOPMENT_TEAM = "";
				"DEVELOPMENT_TEAM[sdk=iphoneos*]" = ZKYJ6G9GJP;
				ENABLE_PREVIEWS = YES;
				GENERATE_INFOPLIST_FILE = YES;
				INFOPLIST_FILE = "AWS-Exams-Prep-Pro-Info.plist";
				INFOPLIST_KEY_CFBundleDisplayName = "Certification Prep Pro for AWS";
				INFOPLIST_KEY_LSApplicationCategoryType = "public.app-category.education";
				INFOPLIST_KEY_UIApplicationSceneManifest_Generation = YES;
				INFOPLIST_KEY_UIApplicationSupportsIndirectInputEvents = YES;
				INFOPLIST_KEY_UILaunchScreen_Generation = YES;
				INFOPLIST_KEY_UISupportedInterfaceOrientations = UIInterfaceOrientationPortrait;
				INFOPLIST_KEY_UISupportedInterfaceOrientations_iPad = "UIInterfaceOrientationLandscapeLeft UIInterfaceOrientationLandscapeRight UIInterfaceOrientationPortrait UIInterfaceOrientationPortraitUpsideDown";
				LD_RUNPATH_SEARCH_PATHS = (
					"$(inherited)",
					"@executable_path/Frameworks",
				);
				MARKETING_VERSION = 1.2.2;
				PRODUCT_BUNDLE_IDENTIFIER = com.coffeedevs.capuccino;
				PRODUCT_NAME = "$(TARGET_NAME)";
				PROVISIONING_PROFILE_SPECIFIER = "";
				"PROVISIONING_PROFILE_SPECIFIER[sdk=iphoneos*]" = "AWS Cloud Practitioner Exam Prep";
				SUPPORTED_PLATFORMS = "iphoneos iphonesimulator";
				SUPPORTS_MACCATALYST = NO;
				SUPPORTS_MAC_DESIGNED_FOR_IPHONE_IPAD = NO;
				SUPPORTS_XR_DESIGNED_FOR_IPHONE_IPAD = NO;
				SWIFT_EMIT_LOC_STRINGS = YES;
				SWIFT_VERSION = 5.0;
				TARGETED_DEVICE_FAMILY = 1;
			};
			name = Release;
		};
		521093342C69349400218BA2 /* Debug */ = {
			isa = XCBuildConfiguration;
			buildSettings = {
				BUNDLE_LOADER = "$(TEST_HOST)";
				CODE_SIGN_STYLE = Automatic;
				CURRENT_PROJECT_VERSION = 1;
				GENERATE_INFOPLIST_FILE = YES;
				IPHONEOS_DEPLOYMENT_TARGET = 17.5;
				MARKETING_VERSION = 1.0;
				PRODUCT_BUNDLE_IDENTIFIER = com.coffeedevs.capuccino;
				PRODUCT_NAME = "$(TARGET_NAME)";
				SWIFT_EMIT_LOC_STRINGS = NO;
				SWIFT_VERSION = 5.0;
				TARGETED_DEVICE_FAMILY = "1,2";
				TEST_HOST = "$(BUILT_PRODUCTS_DIR)/AWS Exams Prep Pro.app/$(BUNDLE_EXECUTABLE_FOLDER_PATH)/AWS Exams Prep Pro";
			};
			name = Debug;
		};
		521093352C69349400218BA2 /* Release */ = {
			isa = XCBuildConfiguration;
			buildSettings = {
				BUNDLE_LOADER = "$(TEST_HOST)";
				CODE_SIGN_STYLE = Automatic;
				CURRENT_PROJECT_VERSION = 1;
				GENERATE_INFOPLIST_FILE = YES;
				IPHONEOS_DEPLOYMENT_TARGET = 17.5;
				MARKETING_VERSION = 1.0;
				PRODUCT_BUNDLE_IDENTIFIER = com.coffeedevs.capuccino;
				PRODUCT_NAME = "$(TARGET_NAME)";
				SWIFT_EMIT_LOC_STRINGS = NO;
				SWIFT_VERSION = 5.0;
				TARGETED_DEVICE_FAMILY = "1,2";
				TEST_HOST = "$(BUILT_PRODUCTS_DIR)/AWS Exams Prep Pro.app/$(BUNDLE_EXECUTABLE_FOLDER_PATH)/AWS Exams Prep Pro";
			};
			name = Release;
		};
		521093372C69349400218BA2 /* Debug */ = {
			isa = XCBuildConfiguration;
			buildSettings = {
				CODE_SIGN_STYLE = Automatic;
				CURRENT_PROJECT_VERSION = 1;
				DEVELOPMENT_TEAM = ZKYJ6G9GJP;
				GENERATE_INFOPLIST_FILE = YES;
				MARKETING_VERSION = 1.0;
				PRODUCT_BUNDLE_IDENTIFIER = com.coffeedevs.capuccino;
				PRODUCT_NAME = "$(TARGET_NAME)";
				SWIFT_EMIT_LOC_STRINGS = NO;
				SWIFT_VERSION = 5.0;
				TARGETED_DEVICE_FAMILY = "1,2";
				TEST_TARGET_NAME = "AWS Exams Prep Pro";
			};
			name = Debug;
		};
		521093382C69349400218BA2 /* Release */ = {
			isa = XCBuildConfiguration;
			buildSettings = {
				CODE_SIGN_STYLE = Automatic;
				CURRENT_PROJECT_VERSION = 1;
				DEVELOPMENT_TEAM = ZKYJ6G9GJP;
				GENERATE_INFOPLIST_FILE = YES;
				MARKETING_VERSION = 1.0;
				PRODUCT_BUNDLE_IDENTIFIER = com.coffeedevs.capuccino;
				PRODUCT_NAME = "$(TARGET_NAME)";
				SWIFT_EMIT_LOC_STRINGS = NO;
				SWIFT_VERSION = 5.0;
				TARGETED_DEVICE_FAMILY = "1,2";
				TEST_TARGET_NAME = "AWS Exams Prep Pro";
			};
			name = Release;
		};
/* End XCBuildConfiguration section */

/* Begin XCConfigurationList section */
		521093052C69349200218BA2 /* Build configuration list for PBXProject "AWS Exams Prep Pro" */ = {
			isa = XCConfigurationList;
			buildConfigurations = (
				5210932E2C69349400218BA2 /* Debug */,
				5210932F2C69349400218BA2 /* Release */,
			);
			defaultConfigurationIsVisible = 0;
			defaultConfigurationName = Release;
		};
		521093302C69349400218BA2 /* Build configuration list for PBXNativeTarget "AWS Exams Prep Pro" */ = {
			isa = XCConfigurationList;
			buildConfigurations = (
				521093312C69349400218BA2 /* Debug */,
				521093322C69349400218BA2 /* Release */,
			);
			defaultConfigurationIsVisible = 0;
			defaultConfigurationName = Release;
		};
		521093332C69349400218BA2 /* Build configuration list for PBXNativeTarget "AWS Exams Prep ProTests" */ = {
			isa = XCConfigurationList;
			buildConfigurations = (
				521093342C69349400218BA2 /* Debug */,
				521093352C69349400218BA2 /* Release */,
			);
			defaultConfigurationIsVisible = 0;
			defaultConfigurationName = Release;
		};
		521093362C69349400218BA2 /* Build configuration list for PBXNativeTarget "AWS Exams Prep ProUITests" */ = {
			isa = XCConfigurationList;
			buildConfigurations = (
				521093372C69349400218BA2 /* Debug */,
				521093382C69349400218BA2 /* Release */,
			);
			defaultConfigurationIsVisible = 0;
			defaultConfigurationName = Release;
		};
/* End XCConfigurationList section */

/* Begin XCRemoteSwiftPackageReference section */
		520AEF1B2DB02C1C00D93F0B /* XCRemoteSwiftPackageReference "swift-package-manager-google-mobile-ads" */ = {
			isa = XCRemoteSwiftPackageReference;
			repositoryURL = "https://github.com/googleads/swift-package-manager-google-mobile-ads.git";
			requirement = {
				kind = upToNextMajorVersion;
				minimumVersion = 12.3.0;
			};
		};
/* End XCRemoteSwiftPackageReference section */

/* Begin XCSwiftPackageProductDependency section */
		520AEF1C2DB02C1C00D93F0B /* GoogleMobileAds */ = {
			isa = XCSwiftPackageProductDependency;
			package = 520AEF1B2DB02C1C00D93F0B /* XCRemoteSwiftPackageReference "swift-package-manager-google-mobile-ads" */;
			productName = GoogleMobileAds;
		};
/* End XCSwiftPackageProductDependency section */
	};
	rootObject = 521093022C69349200218BA2 /* Project object */;
}
